
Microsoft Visual Studio Solution File, Format Version 12.00
# Visual Studio Version 16
VisualStudioVersion = 16.0.30413.136
MinimumVisualStudioVersion = 10.0.40219.1
Project("{FAE04EC0-301F-11D3-BF4B-00C04F79EFBC}") = "2_Brackets", "2_Brackets\2_Brackets.csproj", "{FD194417-6990-4709-ABA0-2A5851582851}"
EndProject
Global
	GlobalSection(SolutionConfigurationPlatforms) = preSolution
		Debug|Any CPU = Debug|Any CPU
		Release|Any CPU = Release|Any CPU
	EndGlobalSection
	GlobalSection(ProjectConfigurationPlatforms) = postSolution
		{FD194417-6990-4709-ABA0-2A5851582851}.Debug|Any CPU.ActiveCfg = Debug|Any CPU
		{FD194417-6990-4709-ABA0-2A5851582851}.Debug|Any CPU.Build.0 = Debug|Any CPU
		{FD194417-6990-4709-ABA0-2A5851582851}.Release|Any CPU.ActiveCfg = Release|Any CPU
		{FD194417-6990-4709-ABA0-2A5851582851}.Release|Any CPU.Build.0 = Release|Any CPU
	EndGlobalSection
	GlobalSection(SolutionProperties) = preSolution
		HideSolutionNode = FALSE
	EndGlobalSection
	GlobalSection(ExtensibilityGlobals) = postSolution
		SolutionGuid = {6DF6BC9A-5658-4C08-93BB-2A24217E0CB0}
	EndGlobalSection
EndGlobal
